
Microsoft Visual Studio Solution File, Format Version 12.00
# Visual Studio 14
VisualStudioVersion = 14.0.23107.0
MinimumVisualStudioVersion = 10.0.40219.1
Project("{FAE04EC0-301F-11D3-BF4B-00C04F79EFBC}") = "Keystroke.API", "Keystroke.API\Keystroke.API.csproj", "{F6FEC17E-E22D-4149-A8A8-9F64C3C905D3}"
EndProject
Project("{FAE04EC0-301F-11D3-BF4B-00C04F79EFBC}") = "Keystroke.ConsoleAppTest", "Keystroke.ConsoleAppTest\Keystroke.ConsoleAppTest.csproj", "{B7AA4E23-39A4-49D5-859A-083C789BFEA2}"
EndProject
Global
	GlobalSection(SolutionConfigurationPlatforms) = preSolution
		Debug|Any CPU = Debug|Any CPU
		Release|Any CPU = Release|Any CPU
	EndGlobalSection
	GlobalSection(ProjectConfigurationPlatforms) = postSolution
		{F6FEC17E-E22D-4149-A8A8-9F64C3C905D3}.Debug|Any CPU.ActiveCfg = Debug|Any CPU
		{F6FEC17E-E22D-4149-A8A8-9F64C3C905D3}.Debug|Any CPU.Build.0 = Debug|Any CPU
		{F6FEC17E-E22D-4149-A8A8-9F64C3C905D3}.Release|Any CPU.ActiveCfg = Release|Any CPU
		{F6FEC17E-E22D-4149-A8A8-9F64C3C905D3}.Release|Any CPU.Build.0 = Release|Any CPU
		{B7AA4E23-39A4-49D5-859A-083C789BFEA2}.Debug|Any CPU.ActiveCfg = Debug|Any CPU
		{B7AA4E23-39A4-49D5-859A-083C789BFEA2}.Debug|Any CPU.Build.0 = Debug|Any CPU
		{B7AA4E23-39A4-49D5-859A-083C789BFEA2}.Release|Any CPU.ActiveCfg = Release|Any CPU
		{B7AA4E23-39A4-49D5-859A-083C789BFEA2}.Release|Any CPU.Build.0 = Release|Any CPU
	EndGlobalSection
	GlobalSection(SolutionProperties) = preSolution
		HideSolutionNode = FALSE
	EndGlobalSection
EndGlobal
